
Microsoft Visual Studio Solution File, Format Version 12.00
# Visual Studio Version 16
VisualStudioVersion = 16.0.31205.134
MinimumVisualStudioVersion = 10.0.40219.1
Project("{FAE04EC0-301F-11D3-BF4B-00C04F79EFBC}") = "Hall of Fame", "Hall of Fame\Hall of Fame.csproj", "{70194241-84E3-439F-9590-F3BA8EF3942B}"
EndProject
Global
	GlobalSection(SolutionConfigurationPlatforms) = preSolution
		Debug|Any CPU = Debug|Any CPU
		Release|Any CPU = Release|Any CPU
	EndGlobalSection
	GlobalSection(ProjectConfigurationPlatforms) = postSolution
		{70194241-84E3-439F-9590-F3BA8EF3942B}.Debug|Any CPU.ActiveCfg = Debug|Any CPU
		{70194241-84E3-439F-9590-F3BA8EF3942B}.Debug|Any CPU.Build.0 = Debug|Any CPU
		{70194241-84E3-439F-9590-F3BA8EF3942B}.Release|Any CPU.ActiveCfg = Release|Any CPU
		{70194241-84E3-439F-9590-F3BA8EF3942B}.Release|Any CPU.Build.0 = Release|Any CPU
	EndGlobalSection
	GlobalSection(SolutionProperties) = preSolution
		HideSolutionNode = FALSE
	EndGlobalSection
	GlobalSection(ExtensibilityGlobals) = postSolution
		SolutionGuid = {AC382B52-EDF6-4654-B97E-7433F41BD7EE}
	EndGlobalSection
EndGlobal
